// !$*UTF8*$!
{
	archiveVersion = 1;
	classes = {
	};
	objectVersion = 50;
	objects = {

/* Begin PBXBuildFile section */
		23691D07E14F716D1A534881 /* Pods_ChartsApp.framework in Frameworks */ = {isa = PBXBuildFile; fileRef = 19F6EE6CFF75253949E487F7 /* Pods_ChartsApp.framework */; };
		EC7903372106CC0500C8B980 /* AppDelegate.swift in Sources */ = {isa = PBXBuildFile; fileRef = EC7903362106CC0500C8B980 /* AppDelegate.swift */; };
		EC7903392106CC0500C8B980 /* ViewController.swift in Sources */ = {isa = PBXBuildFile; fileRef = EC7903382106CC0500C8B980 /* ViewController.swift */; };
		EC79033C2106CC0500C8B980 /* Main.storyboard in Resources */ = {isa = PBXBuildFile; fileRef = EC79033A2106CC0500C8B980 /* Main.storyboard */; };
		EC79033E2106CC0600C8B980 /* Assets.xcassets in Resources */ = {isa = PBXBuildFile; fileRef = EC79033D2106CC0600C8B980 /* Assets.xcassets */; };
		EC7903412106CC0600C8B980 /* LaunchScreen.storyboard in Resources */ = {isa = PBXBuildFile; fileRef = EC79033F2106CC0600C8B980 /* LaunchScreen.storyboard */; };
/* End PBXBuildFile section */

/* Begin PBXFileReference section */
		19F6EE6CFF75253949E487F7 /* Pods_ChartsApp.framework */ = {isa = PBXFileReference; explicitFileType = wrapper.framework; includeInIndex = 0; path = Pods_ChartsApp.framework; sourceTree = BUILT_PRODUCTS_DIR; };
		1BAD64C88134A9763202E459 /* Pods-ChartsApp.debug.xcconfig */ = {isa = PBXFileReference; includeInIndex = 1; lastKnownFileType = text.xcconfig; name = "Pods-ChartsApp.debug.xcconfig"; path = "Pods/Target Support Files/Pods-ChartsApp/Pods-ChartsApp.debug.xcconfig"; sourceTree = "<group>"; };
		9EA66CA423F07269B5E81C3A /* Pods-ChartsApp.release.xcconfig */ = {isa = PBXFileReference; includeInIndex = 1; lastKnownFileType = text.xcconfig; name = "Pods-ChartsApp.release.xcconfig"; path = "Pods/Target Support Files/Pods-ChartsApp/Pods-ChartsApp.release.xcconfig"; sourceTree = "<group>"; };
		EC7903332106CC0500C8B980 /* ChartsApp.app */ = {isa = PBXFileReference; explicitFileType = wrapper.application; includeInIndex = 0; path = ChartsApp.app; sourceTree = BUILT_PRODUCTS_DIR; };
		EC7903362106CC0500C8B980 /* AppDelegate.swift */ = {isa = PBXFileReference; lastKnownFileType = sourcecode.swift; path = AppDelegate.swift; sourceTree = "<group>"; };
		EC7903382106CC0500C8B980 /* ViewController.swift */ = {isa = PBXFileReference; lastKnownFileType = sourcecode.swift; path = ViewController.swift; sourceTree = "<group>"; };
		EC79033B2106CC0500C8B980 /* Base */ = {isa = PBXFileReference; lastKnownFileType = file.storyboard; name = Base; path = Base.lproj/Main.storyboard; sourceTree = "<group>"; };
		EC79033D2106CC0600C8B980 /* Assets.xcassets */ = {isa = PBXFileReference; lastKnownFileType = folder.assetcatalog; path = Assets.xcassets; sourceTree = "<group>"; };
		EC7903402106CC0600C8B980 /* Base */ = {isa = PBXFileReference; lastKnownFileType = file.storyboard; name = Base; path = Base.lproj/LaunchScreen.storyboard; sourceTree = "<group>"; };
		EC7903422106CC0600C8B980 /* Info.plist */ = {isa = PBXFileReference; lastKnownFileType = text.plist.xml; path = Info.plist; sourceTree = "<group>"; };
/* End PBXFileReference section */

/* Begin PBXFrameworksBuildPhase section */
		EC7903302106CC0500C8B980 /* Frameworks */ = {
			isa = PBXFrameworksBuildPhase;
			buildActionMask = 2147483647;
			files = (
				23691D07E14F716D1A534881 /* Pods_ChartsApp.framework in Frameworks */,
			);
			runOnlyForDeploymentPostprocessing = 0;
		};
/* End PBXFrameworksBuildPhase section */

/* Begin PBXGroup section */
		538C3353B2BDAD3A643A8F87 /* Frameworks */ = {
			isa = PBXGroup;
			children = (
				19F6EE6CFF75253949E487F7 /* Pods_ChartsApp.framework */,
			);
			name = Frameworks;
			sourceTree = "<group>";
		};
		E1B268E14BB32F1388D0A17B /* Pods */ = {
			isa = PBXGroup;
			children = (
				1BAD64C88134A9763202E459 /* Pods-ChartsApp.debug.xcconfig */,
				9EA66CA423F07269B5E81C3A /* Pods-ChartsApp.release.xcconfig */,
			);
			name = Pods;
			sourceTree = "<group>";
		};
		EC79032A2106CC0400C8B980 = {
			isa = PBXGroup;
			children = (
				EC7903352106CC0500C8B980 /* ChartsApp */,
				EC7903342106CC0500C8B980 /* Products */,
				E1B268E14BB32F1388D0A17B /* Pods */,
				538C3353B2BDAD3A643A8F87 /* Frameworks */,
			);
			sourceTree = "<group>";
		};
		EC7903342106CC0500C8B980 /* Products */ = {
			isa = PBXGroup;
			children = (
				EC7903332106CC0500C8B980 /* ChartsApp.app */,
			);
			name = Products;
			sourceTree = "<group>";
		};
		EC7903352106CC0500C8B980 /* ChartsApp */ = {
			isa = PBXGroup;
			children = (
				EC7903362106CC0500C8B980 /* AppDelegate.swift */,
				EC7903382106CC0500C8B980 /* ViewController.swift */,
				EC79033A2106CC0500C8B980 /* Main.storyboard */,
				EC79033D2106CC0600C8B980 /* Assets.xcassets */,
				EC79033F2106CC0600C8B980 /* LaunchScreen.storyboard */,
				EC7903422106CC0600C8B980 /* Info.plist */,
			);
			path = ChartsApp;
			sourceTree = "<group>";
		};
/* End PBXGroup section */

/* Begin PBXNativeTarget section */
		EC7903322106CC0500C8B980 /* ChartsApp */ = {
			isa = PBXNativeTarget;
			buildConfigurationList = EC7903452106CC0600C8B980 /* Build configuration list for PBXNativeTarget "ChartsApp" */;
			buildPhases = (
				F8B4DEAA6D893F9470AC1C49 /* [CP] Check Pods Manifest.lock */,
				EC79032F2106CC0500C8B980 /* Sources */,
				EC7903302106CC0500C8B980 /* Frameworks */,
				EC7903312106CC0500C8B980 /* Resources */,
				89116201628BC4D9D544147D /* [CP] Embed Pods Frameworks */,
			);
			buildRules = (
			);
			dependencies = (
			);
			name = ChartsApp;
			productName = ChartsApp;
			productReference = EC7903332106CC0500C8B980 /* ChartsApp.app */;
			productType = "com.apple.product-type.application";
		};
/* End PBXNativeTarget section */

/* Begin PBXProject section */
		EC79032B2106CC0500C8B980 /* Project object */ = {
			isa = PBXProject;
			attributes = {
				LastSwiftUpdateCheck = 0940;
				LastUpgradeCheck = 0940;
				ORGANIZATIONNAME = kei;
				TargetAttributes = {
					EC7903322106CC0500C8B980 = {
						CreatedOnToolsVersion = 9.4;
					};
				};
			};
			buildConfigurationList = EC79032E2106CC0500C8B980 /* Build configuration list for PBXProject "ChartsApp" */;
			compatibilityVersion = "Xcode 9.3";
			developmentRegion = en;
			hasScannedForEncodings = 0;
			knownRegions = (
				en,
				Base,
			);
			mainGroup = EC79032A2106CC0400C8B980;
			productRefGroup = EC7903342106CC0500C8B980 /* Products */;
			projectDirPath = "";
			projectRoot = "";
			targets = (
				EC7903322106CC0500C8B980 /* ChartsApp */,
			);
		};
/* End PBXProject section */

/* Begin PBXResourcesBuildPhase section */
		EC7903312106CC0500C8B980 /* Resources */ = {
			isa = PBXResourcesBuildPhase;
			buildActionMask = 2147483647;
			files = (
				EC7903412106CC0600C8B980 /* LaunchScreen.storyboard in Resources */,
				EC79033E2106CC0600C8B980 /* Assets.xcassets in Resources */,
				EC79033C2106CC0500C8B980 /* Main.storyboard in Resources */,
			);
			runOnlyForDeploymentPostprocessing = 0;
		};
/* End PBXResourcesBuildPhase section */

/* Begin PBXShellScriptBuildPhase section */
		89116201628BC4D9D544147D /* [CP] Embed Pods Frameworks */ = {
			isa = PBXShellScriptBuildPhase;
			buildActionMask = 2147483647;
			files = (
			);
			inputPaths = (
				"${SRCROOT}/Pods/Target Support Files/Pods-ChartsApp/Pods-ChartsApp-frameworks.sh",
				"${BUILT_PRODUCTS_DIR}/Charts/Charts.framework",
			);
			name = "[CP] Embed Pods Frameworks";
			outputPaths = (
				"${TARGET_BUILD_DIR}/${FRAMEWORKS_FOLDER_PATH}/Charts.framework",
			);
			runOnlyForDeploymentPostprocessing = 0;
			shellPath = /bin/sh;
			shellScript = "\"${SRCROOT}/Pods/Target Support Files/Pods-ChartsApp/Pods-ChartsApp-frameworks.sh\"\n";
			showEnvVarsInLog = 0;
		};
		F8B4DEAA6D893F9470AC1C49 /* [CP] Check Pods Manifest.lock */ = {
			isa = PBXShellScriptBuildPhase;
			buildActionMask = 2147483647;
			files = (
			);
			inputPaths = (
				"${PODS_PODFILE_DIR_PATH}/Podfile.lock",
				"${PODS_ROOT}/Manifest.lock",
			);
			name = "[CP] Check Pods Manifest.lock";
			outputPaths = (
				"$(DERIVED_FILE_DIR)/Pods-ChartsApp-checkManifestLockResult.txt",
			);
			runOnlyForDeploymentPostprocessing = 0;
			shellPath = /bin/sh;
			shellScript = "diff \"${PODS_PODFILE_DIR_PATH}/Podfile.lock\" \"${PODS_ROOT}/Manifest.lock\" > /dev/null\nif [ $? != 0 ] ; then\n    # print error to STDERR\n    echo \"error: The sandbox is not in sync with the Podfile.lock. Run 'pod install' or update your CocoaPods installation.\" >&2\n    exit 1\nfi\n# This output is used by Xcode 'outputs' to avoid re-running this script phase.\necho \"SUCCESS\" > \"${SCRIPT_OUTPUT_FILE_0}\"\n";
			showEnvVarsInLog = 0;
		};
/* End PBXShellScriptBuildPhase section */

/* Begin PBXSourcesBuildPhase section */
		EC79032F2106CC0500C8B980 /* Sources */ = {
			isa = PBXSourcesBuildPhase;
			buildActionMask = 2147483647;
			files = (
				EC7903392106CC0500C8B980 /* ViewController.swift in Sources */,
				EC7903372106CC0500C8B980 /* AppDelegate.swift in Sources */,
			);
			runOnlyForDeploymentPostprocessing = 0;
		};
/* End PBXSourcesBuildPhase section */

/* Begin PBXVariantGroup section */
		EC79033A2106CC0500C8B980 /* Main.storyboard */ = {
			isa = PBXVariantGroup;
			children = (
				EC79033B2106CC0500C8B980 /* Base */,
			);
			name = Main.storyboard;
			sourceTree = "<group>";
		};
		EC79033F2106CC0600C8B980 /* LaunchScreen.storyboard */ = {
			isa = PBXVariantGroup;
			children = (
				EC7903402106CC0600C8B980 /* Base */,
			);
			name = LaunchScreen.storyboard;
			sourceTree = "<group>";
		};
/* End PBXVariantGroup section */

/* Begin XCBuildConfiguration section */
		EC7903432106CC0600C8B980 /* Debug */ = {
			isa = XCBuildConfiguration;
			buildSettings = {
				ALWAYS_SEARCH_USER_PATHS = NO;
				CLANG_ANALYZER_NONNULL = YES;
				CLANG_ANALYZER_NUMBER_OBJECT_CONVERSION = YES_AGGRESSIVE;
				CLANG_CXX_LANGUAGE_STANDARD = "gnu++14";
				CLANG_CXX_LIBRARY = "libc++";
				CLANG_ENABLE_MODULES = YES;
				CLANG_ENABLE_OBJC_ARC = YES;
				CLANG_ENABLE_OBJC_WEAK = YES;
				CLANG_WARN_BLOCK_CAPTURE_AUTORELEASING = YES;
				CLANG_WARN_BOOL_CONVERSION = YES;
				CLANG_WARN_COMMA = YES;
				CLANG_WARN_CONSTANT_CONVERSION = YES;
				CLANG_WARN_DEPRECATED_OBJC_IMPLEMENTATIONS = YES;
				CLANG_WARN_DIRECT_OBJC_ISA_USAGE = YES_ERROR;
				CLANG_WARN_DOCUMENTATION_COMMENTS = YES;
				CLANG_WARN_EMPTY_BODY = YES;
				CLANG_WARN_ENUM_CONVERSION = YES;
				CLANG_WARN_INFINITE_RECURSION = YES;
				CLANG_WARN_INT_CONVERSION = YES;
				CLANG_WARN_NON_LITERAL_NULL_CONVERSION = YES;
				CLANG_WARN_OBJC_IMPLICIT_RETAIN_SELF = YES;
				CLANG_WARN_OBJC_LITERAL_CONVERSION = YES;
				CLANG_WARN_OBJC_ROOT_CLASS = YES_ERROR;
				CLANG_WARN_RANGE_LOOP_ANALYSIS = YES;
				CLANG_WARN_STRICT_PROTOTYPES = YES;
				CLANG_WARN_SUSPICIOUS_MOVE = YES;
				CLANG_WARN_UNGUARDED_AVAILABILITY = YES_AGGRESSIVE;
				CLANG_WARN_UNREACHABLE_CODE = YES;
				CLANG_WARN__DUPLICATE_METHOD_MATCH = YES;
				CODE_SIGN_IDENTITY = "iPhone Developer";
				COPY_PHASE_STRIP = NO;
				DEBUG_INFORMATION_FORMAT = dwarf;
				ENABLE_STRICT_OBJC_MSGSEND = YES;
				ENABLE_TESTABILITY = YES;
				GCC_C_LANGUAGE_STANDARD = gnu11;
				GCC_DYNAMIC_NO_PIC = NO;
				GCC_NO_COMMON_BLOCKS = YES;
				GCC_OPTIMIZATION_LEVEL = 0;
				GCC_PREPROCESSOR_DEFINITIONS = (
					"DEBUG=1",
					"$(inherited)",
				);
				GCC_WARN_64_TO_32_BIT_CONVERSION = YES;
				GCC_WARN_ABOUT_RETURN_TYPE = YES_ERROR;
				GCC_WARN_UNDECLARED_SELECTOR = YES;
				GCC_WARN_UNINITIALIZED_AUTOS = YES_AGGRESSIVE;
				GCC_WARN_UNUSED_FUNCTION = YES;
				GCC_WARN_UNUSED_VARIABLE = YES;
				IPHONEOS_DEPLOYMENT_TARGET = 11.4;
				MTL_ENABLE_DEBUG_INFO = YES;
				ONLY_ACTIVE_ARCH = YES;
				SDKROOT = iphoneos;
				SWIFT_ACTIVE_COMPILATION_CONDITIONS = DEBUG;
				SWIFT_OPTIMIZATION_LEVEL = "-Onone";
			};
			name = Debug;
		};
		EC7903442106CC0600C8B980 /* Release */ = {
			isa = XCBuildConfiguration;
			buildSettings = {
				ALWAYS_SEARCH_USER_PATHS = NO;
				CLANG_ANALYZER_NONNULL = YES;
				CLANG_ANALYZER_NUMBER_OBJECT_CONVERSION = YES_AGGRESSIVE;
				CLANG_CXX_LANGUAGE_STANDARD = "gnu++14";
				CLANG_CXX_LIBRARY = "libc++";
				CLANG_ENABLE_MODULES = YES;
				CLANG_ENABLE_OBJC_ARC = YES;
				CLANG_ENABLE_OBJC_WEAK = YES;
				CLANG_WARN_BLOCK_CAPTURE_AUTORELEASING = YES;
				CLANG_WARN_BOOL_CONVERSION = YES;
				CLANG_WARN_COMMA = YES;
				CLANG_WARN_CONSTANT_CONVERSION = YES;
				CLANG_WARN_DEPRECATED_OBJC_IMPLEMENTATIONS = YES;
				CLANG_WARN_DIRECT_OBJC_ISA_USAGE = YES_ERROR;
				CLANG_WARN_DOCUMENTATION_COMMENTS = YES;
				CLANG_WARN_EMPTY_BODY = YES;
				CLANG_WARN_ENUM_CONVERSION = YES;
				CLANG_WARN_INFINITE_RECURSION = YES;
				CLANG_WARN_INT_CONVERSION = YES;
				CLANG_WARN_NON_LITERAL_NULL_CONVERSION = YES;
				CLANG_WARN_OBJC_IMPLICIT_RETAIN_SELF = YES;
				CLANG_WARN_OBJC_LITERAL_CONVERSION = YES;
				CLANG_WARN_OBJC_ROOT_CLASS = YES_ERROR;
				CLANG_WARN_RANGE_LOOP_ANALYSIS = YES;
				CLANG_WARN_STRICT_PROTOTYPES = YES;
				CLANG_WARN_SUSPICIOUS_MOVE = YES;
				CLANG_WARN_UNGUARDED_AVAILABILITY = YES_AGGRESSIVE;
				CLANG_WARN_UNREACHABLE_CODE = YES;
				CLANG_WARN__DUPLICATE_METHOD_MATCH = YES;
				CODE_SIGN_IDENTITY = "iPhone Developer";
				COPY_PHASE_STRIP = NO;
				DEBUG_INFORMATION_FORMAT = "dwarf-with-dsym";
				ENABLE_NS_ASSERTIONS = NO;
				ENABLE_STRICT_OBJC_MSGSEND = YES;
				GCC_C_LANGUAGE_STANDARD = gnu11;
				GCC_NO_COMMON_BLOCKS = YES;
				GCC_WARN_64_TO_32_BIT_CONVERSION = YES;
				GCC_WARN_ABOUT_RETURN_TYPE = YES_ERROR;
				GCC_WARN_UNDECLARED_SELECTOR = YES;
				GCC_WARN_UNINITIALIZED_AUTOS = YES_AGGRESSIVE;
				GCC_WARN_UNUSED_FUNCTION = YES;
				GCC_WARN_UNUSED_VARIABLE = YES;
				IPHONEOS_DEPLOYMENT_TARGET = 11.4;
				MTL_ENABLE_DEBUG_INFO = NO;
				SDKROOT = iphoneos;
				SWIFT_COMPILATION_MODE = wholemodule;
				SWIFT_OPTIMIZATION_LEVEL = "-O";
				VALIDATE_PRODUCT = YES;
			};
			name = Release;
		};
		EC7903462106CC0600C8B980 /* Debug */ = {
			isa = XCBuildConfiguration;
			baseConfigurationReference = 1BAD64C88134A9763202E459 /* Pods-ChartsApp.debug.xcconfig */;
			buildSettings = {
				ASSETCATALOG_COMPILER_APPICON_NAME = AppIcon;
				CODE_SIGN_STYLE = Automatic;
				INFOPLIST_FILE = ChartsApp/Info.plist;
				LD_RUNPATH_SEARCH_PATHS = (
					"$(inherited)",
					"@executable_path/Frameworks",
				);
				PRODUCT_BUNDLE_IDENTIFIER = NK.ChartsApp;
				PRODUCT_NAME = "$(TARGET_NAME)";
				SWIFT_VERSION = 4.0;
				TARGETED_DEVICE_FAMILY = "1,2";
			};
			name = Debug;
		};
		EC7903472106CC0600C8B980 /* Release */ = {
			isa = XCBuildConfiguration;
			baseConfigurationReference = 9EA66CA423F07269B5E81C3A /* Pods-ChartsApp.release.xcconfig */;
			buildSettings = {
				ASSETCATALOG_COMPILER_APPICON_NAME = AppIcon;
				CODE_SIGN_STYLE = Automatic;
				INFOPLIST_FILE = ChartsApp/Info.plist;
				LD_RUNPATH_SEARCH_PATHS = (
					"$(inherited)",
					"@executable_path/Frameworks",
				);
				PRODUCT_BUNDLE_IDENTIFIER = NK.ChartsApp;
				PRODUCT_NAME = "$(TARGET_NAME)";
				SWIFT_VERSION = 4.0;
				TARGETED_DEVICE_FAMILY = "1,2";
			};
			name = Release;
		};
/* End XCBuildConfiguration section */

/* Begin XCConfigurationList section */
		EC79032E2106CC0500C8B980 /* Build configuration list for PBXProject "ChartsApp" */ = {
			isa = XCConfigurationList;
			buildConfigurations = (
				EC7903432106CC0600C8B980 /* Debug */,
				EC7903442106CC0600C8B980 /* Release */,
			);
			defaultConfigurationIsVisible = 0;
			defaultConfigurationName = Release;
		};
		EC7903452106CC0600C8B980 /* Build configuration list for PBXNativeTarget "ChartsApp" */ = {
			isa = XCConfigurationList;
			buildConfigurations = (
				EC7903462106CC0600C8B980 /* Debug */,
				EC7903472106CC0600C8B980 /* Release */,
			);
			defaultConfigurationIsVisible = 0;
			defaultConfigurationName = Release;
		};
/* End XCConfigurationList section */
	};
	rootObject = EC79032B2106CC0500C8B980 /* Project object */;
}
